
Microsoft Visual Studio Solution File, Format Version 12.00
# Visual Studio Version 17
VisualStudioVersion = 17.9.34728.123
MinimumVisualStudioVersion = 10.0.40219.1
Project("{FAE04EC0-301F-11D3-BF4B-00C04F79EFBC}") = "Task", "Task.csproj", "{77763292-20F8-4C50-9C85-0087A39AE8D4}"
EndProject
Global
	GlobalSection(SolutionConfigurationPlatforms) = preSolution
		Debug|Any CPU = Debug|Any CPU
		Release|Any CPU = Release|Any CPU
	EndGlobalSection
	GlobalSection(ProjectConfigurationPlatforms) = postSolution
		{77763292-20F8-4C50-9C85-0087A39AE8D4}.Debug|Any CPU.ActiveCfg = Debug|Any CPU
		{77763292-20F8-4C50-9C85-0087A39AE8D4}.Debug|Any CPU.Build.0 = Debug|Any CPU
		{77763292-20F8-4C50-9C85-0087A39AE8D4}.Release|Any CPU.ActiveCfg = Release|Any CPU
		{77763292-20F8-4C50-9C85-0087A39AE8D4}.Release|Any CPU.Build.0 = Release|Any CPU
	EndGlobalSection
	GlobalSection(SolutionProperties) = preSolution
		HideSolutionNode = FALSE
	EndGlobalSection
	GlobalSection(ExtensibilityGlobals) = postSolution
		SolutionGuid = {DE3A59EB-E75B-42FB-A24E-6EA45FD4FBEA}
	EndGlobalSection
EndGlobal
